
Microsoft Visual Studio Solution File, Format Version 12.00
# Visual Studio 15
VisualStudioVersion = 15.0.27130.2010
MinimumVisualStudioVersion = 10.0.40219.1
Project("{FAE04EC0-301F-11D3-BF4B-00C04F79EFBC}") = "EditorGrafos", "EditorGrafos\EditorGrafos.csproj", "{A6A3DD70-66BB-456A-9018-B008EED014F8}"
EndProject
Global
	GlobalSection(SolutionConfigurationPlatforms) = preSolution
		Debug|Any CPU = Debug|Any CPU
		Release|Any CPU = Release|Any CPU
	EndGlobalSection
	GlobalSection(ProjectConfigurationPlatforms) = postSolution
		{A6A3DD70-66BB-456A-9018-B008EED014F8}.Debug|Any CPU.ActiveCfg = Debug|Any CPU
		{A6A3DD70-66BB-456A-9018-B008EED014F8}.Debug|Any CPU.Build.0 = Debug|Any CPU
		{A6A3DD70-66BB-456A-9018-B008EED014F8}.Release|Any CPU.ActiveCfg = Release|Any CPU
		{A6A3DD70-66BB-456A-9018-B008EED014F8}.Release|Any CPU.Build.0 = Release|Any CPU
	EndGlobalSection
	GlobalSection(SolutionProperties) = preSolution
		HideSolutionNode = FALSE
	EndGlobalSection
	GlobalSection(ExtensibilityGlobals) = postSolution
		SolutionGuid = {A046FD26-13DD-4AB7-89B3-AA4EA299747A}
	EndGlobalSection
EndGlobal
